
Microsoft Visual Studio Solution File, Format Version 12.00
# Visual Studio 15
VisualStudioVersion = 15.0.28010.2046
MinimumVisualStudioVersion = 10.0.40219.1
Project("{FAE04EC0-301F-11D3-BF4B-00C04F79EFBC}") = "opendata", "opendata\opendata.csproj", "{F54932B2-5DFA-416C-B763-42C5AD8AB652}"
EndProject
Global
	GlobalSection(SolutionConfigurationPlatforms) = preSolution
		Debug|Any CPU = Debug|Any CPU
		Release|Any CPU = Release|Any CPU
	EndGlobalSection
	GlobalSection(ProjectConfigurationPlatforms) = postSolution
		{F54932B2-5DFA-416C-B763-42C5AD8AB652}.Debug|Any CPU.ActiveCfg = Debug|Any CPU
		{F54932B2-5DFA-416C-B763-42C5AD8AB652}.Debug|Any CPU.Build.0 = Debug|Any CPU
		{F54932B2-5DFA-416C-B763-42C5AD8AB652}.Release|Any CPU.ActiveCfg = Release|Any CPU
		{F54932B2-5DFA-416C-B763-42C5AD8AB652}.Release|Any CPU.Build.0 = Release|Any CPU
	EndGlobalSection
	GlobalSection(SolutionProperties) = preSolution
		HideSolutionNode = FALSE
	EndGlobalSection
	GlobalSection(ExtensibilityGlobals) = postSolution
		SolutionGuid = {CAD368B6-DDD5-4DA7-ACBD-5A9AEAC8F8EE}
	EndGlobalSection
EndGlobal
